
Microsoft Visual Studio Solution File, Format Version 12.00
# Visual Studio Version 17
VisualStudioVersion = 17.3.32825.248
MinimumVisualStudioVersion = 10.0.40219.1
Project("{9A19103F-16F7-4668-BE54-9A1E7A4F7556}") = "First App", "First App\First App.csproj", "{F73DA5C9-04CF-4C2A-952D-9BCD9657EAD4}"
EndProject
Project("{FAE04EC0-301F-11D3-BF4B-00C04F79EFBC}") = "Lab3", "Lab3\Lab3.csproj", "{F144538A-27D1-4285-B909-892C82EEF0E3}"
EndProject
Global
	GlobalSection(SolutionConfigurationPlatforms) = preSolution
		Debug|Any CPU = Debug|Any CPU
		Release|Any CPU = Release|Any CPU
	EndGlobalSection
	GlobalSection(ProjectConfigurationPlatforms) = postSolution
		{F73DA5C9-04CF-4C2A-952D-9BCD9657EAD4}.Debug|Any CPU.ActiveCfg = Debug|Any CPU
		{F73DA5C9-04CF-4C2A-952D-9BCD9657EAD4}.Debug|Any CPU.Build.0 = Debug|Any CPU
		{F73DA5C9-04CF-4C2A-952D-9BCD9657EAD4}.Release|Any CPU.ActiveCfg = Release|Any CPU
		{F73DA5C9-04CF-4C2A-952D-9BCD9657EAD4}.Release|Any CPU.Build.0 = Release|Any CPU
		{F144538A-27D1-4285-B909-892C82EEF0E3}.Debug|Any CPU.ActiveCfg = Debug|Any CPU
		{F144538A-27D1-4285-B909-892C82EEF0E3}.Debug|Any CPU.Build.0 = Debug|Any CPU
		{F144538A-27D1-4285-B909-892C82EEF0E3}.Release|Any CPU.ActiveCfg = Release|Any CPU
		{F144538A-27D1-4285-B909-892C82EEF0E3}.Release|Any CPU.Build.0 = Release|Any CPU
	EndGlobalSection
	GlobalSection(SolutionProperties) = preSolution
		HideSolutionNode = FALSE
	EndGlobalSection
	GlobalSection(ExtensibilityGlobals) = postSolution
		SolutionGuid = {642802BC-C01A-4352-8D38-1B5280B35DB3}
	EndGlobalSection
EndGlobal
