
Microsoft Visual Studio Solution File, Format Version 12.00
# Visual Studio Version 17
VisualStudioVersion = 17.3.32825.248
MinimumVisualStudioVersion = 10.0.40219.1
Project("{9A19103F-16F7-4668-BE54-9A1E7A4F7556}") = "First App", "First App\First App.csproj", "{F73DA5C9-04CF-4C2A-952D-9BCD9657EAD4}"
EndProject
Project("{9A19103F-16F7-4668-BE54-9A1E7A4F7556}") = "Lab3", "Lab3\Lab3.csproj", "{F144538A-27D1-4285-B909-892C82EEF0E3}"
EndProject
Project("{9A19103F-16F7-4668-BE54-9A1E7A4F7556}") = "lab-5", "lab-5\lab-5.csproj", "{8C729621-034A-4D31-88EE-9580FC08D746}"
EndProject
Project("{9A19103F-16F7-4668-BE54-9A1E7A4F7556}") = "lab-6", "lab-6\lab-6.csproj", "{3CFE04A6-6B00-486B-8763-FDBD6D4EAAAC}"
EndProject
Project("{9A19103F-16F7-4668-BE54-9A1E7A4F7556}") = "lab-8", "lab-8\lab-8.csproj", "{35EAFE09-610B-4DD5-8526-B0651D8738E3}"
EndProject
Project("{FAE04EC0-301F-11D3-BF4B-00C04F79EFBC}") = "lab-8-test", "lab-8-test\lab-8-test.csproj", "{D077CAA6-F82B-4160-8E2E-F939F5019EC2}"
EndProject
Global
	GlobalSection(SolutionConfigurationPlatforms) = preSolution
		Debug|Any CPU = Debug|Any CPU
		Release|Any CPU = Release|Any CPU
	EndGlobalSection
	GlobalSection(ProjectConfigurationPlatforms) = postSolution
		{F73DA5C9-04CF-4C2A-952D-9BCD9657EAD4}.Debug|Any CPU.ActiveCfg = Debug|Any CPU
		{F73DA5C9-04CF-4C2A-952D-9BCD9657EAD4}.Debug|Any CPU.Build.0 = Debug|Any CPU
		{F73DA5C9-04CF-4C2A-952D-9BCD9657EAD4}.Release|Any CPU.ActiveCfg = Release|Any CPU
		{F73DA5C9-04CF-4C2A-952D-9BCD9657EAD4}.Release|Any CPU.Build.0 = Release|Any CPU
		{F144538A-27D1-4285-B909-892C82EEF0E3}.Debug|Any CPU.ActiveCfg = Debug|Any CPU
		{F144538A-27D1-4285-B909-892C82EEF0E3}.Debug|Any CPU.Build.0 = Debug|Any CPU
		{F144538A-27D1-4285-B909-892C82EEF0E3}.Release|Any CPU.ActiveCfg = Release|Any CPU
		{F144538A-27D1-4285-B909-892C82EEF0E3}.Release|Any CPU.Build.0 = Release|Any CPU
		{8C729621-034A-4D31-88EE-9580FC08D746}.Debug|Any CPU.ActiveCfg = Debug|Any CPU
		{8C729621-034A-4D31-88EE-9580FC08D746}.Debug|Any CPU.Build.0 = Debug|Any CPU
		{8C729621-034A-4D31-88EE-9580FC08D746}.Release|Any CPU.ActiveCfg = Release|Any CPU
		{8C729621-034A-4D31-88EE-9580FC08D746}.Release|Any CPU.Build.0 = Release|Any CPU
		{3CFE04A6-6B00-486B-8763-FDBD6D4EAAAC}.Debug|Any CPU.ActiveCfg = Debug|Any CPU
		{3CFE04A6-6B00-486B-8763-FDBD6D4EAAAC}.Debug|Any CPU.Build.0 = Debug|Any CPU
		{3CFE04A6-6B00-486B-8763-FDBD6D4EAAAC}.Release|Any CPU.ActiveCfg = Release|Any CPU
		{3CFE04A6-6B00-486B-8763-FDBD6D4EAAAC}.Release|Any CPU.Build.0 = Release|Any CPU
		{35EAFE09-610B-4DD5-8526-B0651D8738E3}.Debug|Any CPU.ActiveCfg = Debug|Any CPU
		{35EAFE09-610B-4DD5-8526-B0651D8738E3}.Debug|Any CPU.Build.0 = Debug|Any CPU
		{35EAFE09-610B-4DD5-8526-B0651D8738E3}.Release|Any CPU.ActiveCfg = Release|Any CPU
		{35EAFE09-610B-4DD5-8526-B0651D8738E3}.Release|Any CPU.Build.0 = Release|Any CPU
		{D077CAA6-F82B-4160-8E2E-F939F5019EC2}.Debug|Any CPU.ActiveCfg = Debug|Any CPU
		{D077CAA6-F82B-4160-8E2E-F939F5019EC2}.Debug|Any CPU.Build.0 = Debug|Any CPU
		{D077CAA6-F82B-4160-8E2E-F939F5019EC2}.Release|Any CPU.ActiveCfg = Release|Any CPU
		{D077CAA6-F82B-4160-8E2E-F939F5019EC2}.Release|Any CPU.Build.0 = Release|Any CPU
	EndGlobalSection
	GlobalSection(SolutionProperties) = preSolution
		HideSolutionNode = FALSE
	EndGlobalSection
	GlobalSection(ExtensibilityGlobals) = postSolution
		SolutionGuid = {642802BC-C01A-4352-8D38-1B5280B35DB3}
	EndGlobalSection
EndGlobal
